{
  "version": 2,
  "dependencies": {
    "net10.0": {
      "iptvsuite.application": {
        "type": "Project",
        "dependencies": {
          "IptvSuite.Domain": "[1.0.0, )"
        }
      },
      "iptvsuite.domain": {
        "type": "Project"
      },
      "iptvsuite.infrastructure": {
        "type": "Project",
        "dependencies": {
          "IptvSuite.Application": "[1.0.0, )",
          "System.Security.Cryptography.ProtectedData": "[10.0.10, )"
        }
      },
      "iptvsuite.testing": {
        "type": "Project",
        "dependencies": {
          "Microsoft.Extensions.TimeProvider.Testing": "[10.8.0, )"
        }
      },
      "Microsoft.Extensions.TimeProvider.Testing": {
        "type": "CentralTransitive",
        "requested": "[10.8.0, )",
        "resolved": "10.8.0",
        "contentHash": "xXcxGfXSO/8o7IfYK36r3eZTl9RMKAl5K6x3x6o/QQBolI0t8vsLIGmhc3HJBTd11u1uPLHz61VnOTSTmY7ZVA=="
      },
      "System.Security.Cryptography.ProtectedData": {
        "type": "CentralTransitive",
        "requested": "[10.0.10, )",
        "resolved": "10.0.10",
        "contentHash": "BKt0SQgq2lq3ESE68jkeLwv95ypANrPDtkTOIFGcnhg2aRUeUUBDrQlkVDZctrg1WenVcvn5P5XZnuYI7q6rFQ=="
      }
    }
  }
}